// !$*UTF8*$!
{
	archiveVersion = 1;
	classes = {
	};
	objectVersion = 77;
	objects = {

/* Begin PBXBuildFile section */
		060C600465684E82A854F1BC /* BudgetMaster in Frameworks */ = {isa = PBXBuildFile; productRef = 0C60BDB34AA84B36B940D188 /* BudgetMaster */; };
		AF0AACF42F536969008B17C7 /* WatchConnectivity.framework in Frameworks */ = {isa = PBXBuildFile; fileRef = AF0AACF32F536969008B17C7 /* WatchConnectivity.framework */; };
		AF181FBD2F5365D000913089 /* BudgetWatch Watch App.app in Embed Watch Content */ = {isa = PBXBuildFile; fileRef = AF181F9D2F5365CC00913089 /* BudgetWatch Watch App.app */; settings = {ATTRIBUTES = (RemoveHeadersOnCopy, ); }; };
		AF19A57F2F44174000B37B41 /* BudgetMaster in Frameworks */ = {isa = PBXBuildFile; productRef = AF19A57E2F44174000B37B41 /* BudgetMaster */; };
		AF19A5BC2F4418AF00B37B41 /* FirebaseAuth in Frameworks */ = {isa = PBXBuildFile; productRef = AF19A5BB2F4418AF00B37B41 /* FirebaseAuth */; };
		AF19A5BE2F4418AF00B37B41 /* FirebaseCore in Frameworks */ = {isa = PBXBuildFile; productRef = AF19A5BD2F4418AF00B37B41 /* FirebaseCore */; };
		AF19A5C02F4418AF00B37B41 /* FirebaseFirestore in Frameworks */ = {isa = PBXBuildFile; productRef = AF19A5BF2F4418AF00B37B41 /* FirebaseFirestore */; };
		AF19A5C22F4418AF00B37B41 /* FirebaseFunctions in Frameworks */ = {isa = PBXBuildFile; productRef = AF19A5C12F4418AF00B37B41 /* FirebaseFunctions */; };
		AF19A5C42F4418AF00B37B41 /* FirebaseStorage in Frameworks */ = {isa = PBXBuildFile; productRef = AF19A5C32F4418AF00B37B41 /* FirebaseStorage */; };
		AF7BE6BC2F4A7FF900A93ADE /* GoogleSignIn in Frameworks */ = {isa = PBXBuildFile; productRef = AF7BE6BB2F4A7FF900A93ADE /* GoogleSignIn */; };
/* End PBXBuildFile section */

/* Begin PBXContainerItemProxy section */
		AF181FAA2F5365D000913089 /* PBXContainerItemProxy */ = {
			isa = PBXContainerItemProxy;
			containerPortal = AA000000000000000001 /* Project object */;
			proxyType = 1;
			remoteGlobalIDString = AF181F9C2F5365CC00913089;
			remoteInfo = "BudgetWatch Watch App";
		};
		AF181FB42F5365D000913089 /* PBXContainerItemProxy */ = {
			isa = PBXContainerItemProxy;
			containerPortal = AA000000000000000001 /* Project object */;
			proxyType = 1;
			remoteGlobalIDString = AF181F9C2F5365CC00913089;
			remoteInfo = "BudgetWatch Watch App";
		};
		AF181FBB2F5365D000913089 /* PBXContainerItemProxy */ = {
			isa = PBXContainerItemProxy;
			containerPortal = AA000000000000000001 /* Project object */;
			proxyType = 1;
			remoteGlobalIDString = AF181F9C2F5365CC00913089;
			remoteInfo = "BudgetWatch Watch App";
		};
/* End PBXContainerItemProxy section */

/* Begin PBXCopyFilesBuildPhase section */
		AF4D16C22F53654900CA1F85 /* Embed Watch Content */ = {
			isa = PBXCopyFilesBuildPhase;
			buildActionMask = 2147483647;
			dstPath = "$(CONTENTS_FOLDER_PATH)/Watch";
			dstSubfolderSpec = 16;
			files = (
				AF181FBD2F5365D000913089 /* BudgetWatch Watch App.app in Embed Watch Content */,
			);
			name = "Embed Watch Content";
			runOnlyForDeploymentPostprocessing = 0;
		};
/* End PBXCopyFilesBuildPhase section */

/* Begin PBXFileReference section */
		AA000000000000000004 /* Budget Chat.app */ = {isa = PBXFileReference; explicitFileType = wrapper.application; includeInIndex = 0; path = "Budget Chat.app"; sourceTree = BUILT_PRODUCTS_DIR; };
		AF0AACF32F536969008B17C7 /* WatchConnectivity.framework */ = {isa = PBXFileReference; lastKnownFileType = wrapper.framework; name = WatchConnectivity.framework; path = Platforms/WatchOS.platform/Developer/SDKs/WatchOS26.4.sdk/System/Library/Frameworks/WatchConnectivity.framework; sourceTree = DEVELOPER_DIR; };
		AF181F9D2F5365CC00913089 /* BudgetWatch Watch App.app */ = {isa = PBXFileReference; explicitFileType = wrapper.application; includeInIndex = 0; path = "BudgetWatch Watch App.app"; sourceTree = BUILT_PRODUCTS_DIR; };
		AF181FA92F5365D000913089 /* BudgetWatch Watch AppTests.xctest */ = {isa = PBXFileReference; explicitFileType = wrapper.cfbundle; includeInIndex = 0; path = "BudgetWatch Watch AppTests.xctest"; sourceTree = BUILT_PRODUCTS_DIR; };
		AF181FB32F5365D000913089 /* BudgetWatch Watch AppUITests.xctest */ = {isa = PBXFileReference; explicitFileType = wrapper.cfbundle; includeInIndex = 0; path = "BudgetWatch Watch AppUITests.xctest"; sourceTree = BUILT_PRODUCTS_DIR; };
/* End PBXFileReference section */

/* Begin PBXFileSystemSynchronizedBuildFileExceptionSet section */
		AA000000000000000050 /* Exceptions for "Budget Chat" folder in "Budget Chat" target */ = {
			isa = PBXFileSystemSynchronizedBuildFileExceptionSet;
			membershipExceptions = (
				Info.plist,
			);
			target = AA000000000000000010 /* Budget Chat */;
		};
/* End PBXFileSystemSynchronizedBuildFileExceptionSet section */

/* Begin PBXFileSystemSynchronizedRootGroup section */
		AA000000000000000005 /* Budget Chat */ = {
			isa = PBXFileSystemSynchronizedRootGroup;
			exceptions = (
				AA000000000000000050 /* Exceptions for "Budget Chat" folder in "Budget Chat" target */,
			);
			path = "Budget Chat";
			sourceTree = "<group>";
		};
		AF181F9E2F5365CC00913089 /* BudgetWatch Watch App */ = {
			isa = PBXFileSystemSynchronizedRootGroup;
			path = "BudgetWatch Watch App";
			sourceTree = "<group>";
		};
		AF181FAC2F5365D000913089 /* BudgetWatch Watch AppTests */ = {
			isa = PBXFileSystemSynchronizedRootGroup;
			path = "BudgetWatch Watch AppTests";
			sourceTree = "<group>";
		};
		AF181FB62F5365D000913089 /* BudgetWatch Watch AppUITests */ = {
			isa = PBXFileSystemSynchronizedRootGroup;
			path = "BudgetWatch Watch AppUITests";
			sourceTree = "<group>";
		};
		AF4D16A22F53654600CA1F85 /* Budget Chat Watch Watch App */ = {
			isa = PBXFileSystemSynchronizedRootGroup;
			path = "Budget Chat Watch Watch App";
			sourceTree = "<group>";
		};
		AF4D16B02F53654900CA1F85 /* Budget Chat Watch Watch AppTests */ = {
			isa = PBXFileSystemSynchronizedRootGroup;
			path = "Budget Chat Watch Watch AppTests";
			sourceTree = "<group>";
		};
		AF4D16BA2F53654900CA1F85 /* Budget Chat Watch Watch AppUITests */ = {
			isa = PBXFileSystemSynchronizedRootGroup;
			path = "Budget Chat Watch Watch AppUITests";
			sourceTree = "<group>";
		};
/* End PBXFileSystemSynchronizedRootGroup section */

/* Begin PBXFrameworksBuildPhase section */
		AA000000000000000012 /* Frameworks */ = {
			isa = PBXFrameworksBuildPhase;
			buildActionMask = 2147483647;
			files = (
				AF19A57F2F44174000B37B41 /* BudgetMaster in Frameworks */,
				AF19A5C02F4418AF00B37B41 /* FirebaseFirestore in Frameworks */,
				AF19A5C22F4418AF00B37B41 /* FirebaseFunctions in Frameworks */,
				AF19A5BE2F4418AF00B37B41 /* FirebaseCore in Frameworks */,
				AF19A5BC2F4418AF00B37B41 /* FirebaseAuth in Frameworks */,
				AF19A5C42F4418AF00B37B41 /* FirebaseStorage in Frameworks */,
				AF7BE6BC2F4A7FF900A93ADE /* GoogleSignIn in Frameworks */,
			);
			runOnlyForDeploymentPostprocessing = 0;
		};
		AF181F9A2F5365CC00913089 /* Frameworks */ = {
			isa = PBXFrameworksBuildPhase;
			buildActionMask = 2147483647;
			files = (
				AF0AACF42F536969008B17C7 /* WatchConnectivity.framework in Frameworks */,
				060C600465684E82A854F1BC /* BudgetMaster in Frameworks */,
			);
			runOnlyForDeploymentPostprocessing = 0;
		};
		AF181FA62F5365D000913089 /* Frameworks */ = {
			isa = PBXFrameworksBuildPhase;
			buildActionMask = 2147483647;
			files = (
			);
			runOnlyForDeploymentPostprocessing = 0;
		};
		AF181FB02F5365D000913089 /* Frameworks */ = {
			isa = PBXFrameworksBuildPhase;
			buildActionMask = 2147483647;
			files = (
			);
			runOnlyForDeploymentPostprocessing = 0;
		};
/* End PBXFrameworksBuildPhase section */

/* Begin PBXGroup section */
		AA000000000000000002 = {
			isa = PBXGroup;
			children = (
				AA000000000000000005 /* Budget Chat */,
				AF4D16A22F53654600CA1F85 /* Budget Chat Watch Watch App */,
				AF4D16B02F53654900CA1F85 /* Budget Chat Watch Watch AppTests */,
				AF4D16BA2F53654900CA1F85 /* Budget Chat Watch Watch AppUITests */,
				AF181F9E2F5365CC00913089 /* BudgetWatch Watch App */,
				AF181FAC2F5365D000913089 /* BudgetWatch Watch AppTests */,
				AF181FB62F5365D000913089 /* BudgetWatch Watch AppUITests */,
				AF19A5BA2F4418AF00B37B41 /* Frameworks */,
				AA000000000000000003 /* Products */,
			);
			sourceTree = "<group>";
		};
		AA000000000000000003 /* Products */ = {
			isa = PBXGroup;
			children = (
				AA000000000000000004 /* Budget Chat.app */,
				AF181F9D2F5365CC00913089 /* BudgetWatch Watch App.app */,
				AF181FA92F5365D000913089 /* BudgetWatch Watch AppTests.xctest */,
				AF181FB32F5365D000913089 /* BudgetWatch Watch AppUITests.xctest */,
			);
			name = Products;
			sourceTree = "<group>";
		};
		AF19A5BA2F4418AF00B37B41 /* Frameworks */ = {
			isa = PBXGroup;
			children = (
				AF0AACF32F536969008B17C7 /* WatchConnectivity.framework */,
			);
			name = Frameworks;
			sourceTree = "<group>";
		};
/* End PBXGroup section */

/* Begin PBXNativeTarget section */
		AA000000000000000010 /* Budget Chat */ = {
			isa = PBXNativeTarget;
			buildConfigurationList = AA000000000000000021 /* Build configuration list for PBXNativeTarget "Budget Chat" */;
			buildPhases = (
				AA000000000000000011 /* Sources */,
				AA000000000000000012 /* Frameworks */,
				AA000000000000000013 /* Resources */,
				AF4D16C22F53654900CA1F85 /* Embed Watch Content */,
			);
			buildRules = (
			);
			dependencies = (
				AF181FBC2F5365D000913089 /* PBXTargetDependency */,
			);
			fileSystemSynchronizedGroups = (
				AA000000000000000005 /* Budget Chat */,
			);
			name = "Budget Chat";
			packageProductDependencies = (
				AF19A57E2F44174000B37B41 /* BudgetMaster */,
				AF19A5BB2F4418AF00B37B41 /* FirebaseAuth */,
				AF19A5BD2F4418AF00B37B41 /* FirebaseCore */,
				AF19A5BF2F4418AF00B37B41 /* FirebaseFirestore */,
				AF19A5C12F4418AF00B37B41 /* FirebaseFunctions */,
				AF19A5C32F4418AF00B37B41 /* FirebaseStorage */,
				AF7BE6BB2F4A7FF900A93ADE /* GoogleSignIn */,
			);
			productName = BudgetMasterApp;
			productReference = AA000000000000000004 /* Budget Chat.app */;
			productType = "com.apple.product-type.application";
		};
		AF181F9C2F5365CC00913089 /* BudgetWatch Watch App */ = {
			isa = PBXNativeTarget;
			buildConfigurationList = AF181FC42F5365D000913089 /* Build configuration list for PBXNativeTarget "BudgetWatch Watch App" */;
			buildPhases = (
				AF181F992F5365CC00913089 /* Sources */,
				AF181F9A2F5365CC00913089 /* Frameworks */,
				AF181F9B2F5365CC00913089 /* Resources */,
			);
			buildRules = (
			);
			dependencies = (
			);
			fileSystemSynchronizedGroups = (
				AF181F9E2F5365CC00913089 /* BudgetWatch Watch App */,
			);
			name = "BudgetWatch Watch App";
			packageProductDependencies = (
				0C60BDB34AA84B36B940D188 /* BudgetMaster */,
			);
			productName = "BudgetWatch Watch App";
			productReference = AF181F9D2F5365CC00913089 /* BudgetWatch Watch App.app */;
			productType = "com.apple.product-type.application";
		};
		AF181FA82F5365D000913089 /* BudgetWatch Watch AppTests */ = {
			isa = PBXNativeTarget;
			buildConfigurationList = AF181FC52F5365D000913089 /* Build configuration list for PBXNativeTarget "BudgetWatch Watch AppTests" */;
			buildPhases = (
				AF181FA52F5365D000913089 /* Sources */,
				AF181FA62F5365D000913089 /* Frameworks */,
				AF181FA72F5365D000913089 /* Resources */,
			);
			buildRules = (
			);
			dependencies = (
				AF181FAB2F5365D000913089 /* PBXTargetDependency */,
			);
			fileSystemSynchronizedGroups = (
				AF181FAC2F5365D000913089 /* BudgetWatch Watch AppTests */,
			);
			name = "BudgetWatch Watch AppTests";
			packageProductDependencies = (
			);
			productName = "BudgetWatch Watch AppTests";
			productReference = AF181FA92F5365D000913089 /* BudgetWatch Watch AppTests.xctest */;
			productType = "com.apple.product-type.bundle.unit-test";
		};
		AF181FB22F5365D000913089 /* BudgetWatch Watch AppUITests */ = {
			isa = PBXNativeTarget;
			buildConfigurationList = AF181FC62F5365D000913089 /* Build configuration list for PBXNativeTarget "BudgetWatch Watch AppUITests" */;
			buildPhases = (
				AF181FAF2F5365D000913089 /* Sources */,
				AF181FB02F5365D000913089 /* Frameworks */,
				AF181FB12F5365D000913089 /* Resources */,
			);
			buildRules = (
			);
			dependencies = (
				AF181FB52F5365D000913089 /* PBXTargetDependency */,
			);
			fileSystemSynchronizedGroups = (
				AF181FB62F5365D000913089 /* BudgetWatch Watch AppUITests */,
			);
			name = "BudgetWatch Watch AppUITests";
			packageProductDependencies = (
			);
			productName = "BudgetWatch Watch AppUITests";
			productReference = AF181FB32F5365D000913089 /* BudgetWatch Watch AppUITests.xctest */;
			productType = "com.apple.product-type.bundle.ui-testing";
		};
/* End PBXNativeTarget section */

/* Begin PBXProject section */
		AA000000000000000001 /* Project object */ = {
			isa = PBXProject;
			attributes = {
				BuildIndependentTargetsInParallel = 1;
				LastSwiftUpdateCheck = 2640;
				LastUpgradeCheck = 2640;
				TargetAttributes = {
					AA000000000000000010 = {
						CreatedOnToolsVersion = 26.3;
					};
					AF181F9C2F5365CC00913089 = {
						CreatedOnToolsVersion = 26.4;
					};
					AF181FA82F5365D000913089 = {
						CreatedOnToolsVersion = 26.4;
						TestTargetID = AF181F9C2F5365CC00913089;
					};
					AF181FB22F5365D000913089 = {
						CreatedOnToolsVersion = 26.4;
						TestTargetID = AF181F9C2F5365CC00913089;
					};
				};
			};
			buildConfigurationList = AA000000000000000020 /* Build configuration list for PBXProject "Budget Chat" */;
			developmentRegion = en;
			hasScannedForEncodings = 0;
			knownRegions = (
				en,
				Base,
			);
			mainGroup = AA000000000000000002;
			minimizedProjectReferenceProxies = 1;
			packageReferences = (
				AFF2DDEA2F3D7F6500FBB92F /* XCRemoteSwiftPackageReference "firebase-ios-sdk" */,
				AF19A57D2F44174000B37B41 /* XCLocalSwiftPackageReference "../BudgetMaster" */,
				AF7BE6BA2F4A7FF900A93ADE /* XCRemoteSwiftPackageReference "GoogleSignIn-iOS" */,
			);
			preferredProjectObjectVersion = 77;
			productRefGroup = AA000000000000000003 /* Products */;
			projectDirPath = "";
			projectRoot = "";
			targets = (
				AA000000000000000010 /* Budget Chat */,
				AF181F9C2F5365CC00913089 /* BudgetWatch Watch App */,
				AF181FA82F5365D000913089 /* BudgetWatch Watch AppTests */,
				AF181FB22F5365D000913089 /* BudgetWatch Watch AppUITests */,
			);
		};
/* End PBXProject section */

/* Begin PBXResourcesBuildPhase section */
		AA000000000000000013 /* Resources */ = {
			isa = PBXResourcesBuildPhase;
			buildActionMask = 2147483647;
			files = (
			);
			runOnlyForDeploymentPostprocessing = 0;
		};
		AF181F9B2F5365CC00913089 /* Resources */ = {
			isa = PBXResourcesBuildPhase;
			buildActionMask = 2147483647;
			files = (
			);
			runOnlyForDeploymentPostprocessing = 0;
		};
		AF181FA72F5365D000913089 /* Resources */ = {
			isa = PBXResourcesBuildPhase;
			buildActionMask = 2147483647;
			files = (
			);
			runOnlyForDeploymentPostprocessing = 0;
		};
		AF181FB12F5365D000913089 /* Resources */ = {
			isa = PBXResourcesBuildPhase;
			buildActionMask = 2147483647;
			files = (
			);
			runOnlyForDeploymentPostprocessing = 0;
		};
/* End PBXResourcesBuildPhase section */

/* Begin PBXSourcesBuildPhase section */
		AA000000000000000011 /* Sources */ = {
			isa = PBXSourcesBuildPhase;
			buildActionMask = 2147483647;
			files = (
			);
			runOnlyForDeploymentPostprocessing = 0;
		};
		AF181F992F5365CC00913089 /* Sources */ = {
			isa = PBXSourcesBuildPhase;
			buildActionMask = 2147483647;
			files = (
			);
			runOnlyForDeploymentPostprocessing = 0;
		};
		AF181FA52F5365D000913089 /* Sources */ = {
			isa = PBXSourcesBuildPhase;
			buildActionMask = 2147483647;
			files = (
			);
			runOnlyForDeploymentPostprocessing = 0;
		};
		AF181FAF2F5365D000913089 /* Sources */ = {
			isa = PBXSourcesBuildPhase;
			buildActionMask = 2147483647;
			files = (
			);
			runOnlyForDeploymentPostprocessing = 0;
		};
/* End PBXSourcesBuildPhase section */

/* Begin PBXTargetDependency section */
		AF181FAB2F5365D000913089 /* PBXTargetDependency */ = {
			isa = PBXTargetDependency;
			target = AF181F9C2F5365CC00913089 /* BudgetWatch Watch App */;
			targetProxy = AF181FAA2F5365D000913089 /* PBXContainerItemProxy */;
		};
		AF181FB52F5365D000913089 /* PBXTargetDependency */ = {
			isa = PBXTargetDependency;
			target = AF181F9C2F5365CC00913089 /* BudgetWatch Watch App */;
			targetProxy = AF181FB42F5365D000913089 /* PBXContainerItemProxy */;
		};
		AF181FBC2F5365D000913089 /* PBXTargetDependency */ = {
			isa = PBXTargetDependency;
			target = AF181F9C2F5365CC00913089 /* BudgetWatch Watch App */;
			targetProxy = AF181FBB2F5365D000913089 /* PBXContainerItemProxy */;
		};
/* End PBXTargetDependency section */

/* Begin XCBuildConfiguration section */
		AA000000000000000022 /* Debug */ = {
			isa = XCBuildConfiguration;
			buildSettings = {
				ALWAYS_SEARCH_USER_PATHS = NO;
				ASSETCATALOG_COMPILER_GENERATE_SWIFT_ASSET_SYMBOL_EXTENSIONS = YES;
				CLANG_ANALYZER_NONNULL = YES;
				CLANG_ANALYZER_NUMBER_OBJECT_CONVERSION = YES_AGGRESSIVE;
				CLANG_CXX_LANGUAGE_STANDARD = "gnu++20";
				CLANG_ENABLE_MODULES = YES;
				CLANG_ENABLE_OBJC_ARC = YES;
				CLANG_ENABLE_OBJC_WEAK = YES;
				CLANG_WARN_BLOCK_CAPTURE_AUTORELEASING = YES;
				CLANG_WARN_BOOL_CONVERSION = YES;
				CLANG_WARN_COMMA = YES;
				CLANG_WARN_CONSTANT_CONVERSION = YES;
				CLANG_WARN_DEPRECATED_OBJC_IMPLEMENTATIONS = YES;
				CLANG_WARN_DIRECT_OBJC_ISA_USAGE = YES_ERROR;
				CLANG_WARN_DOCUMENTATION_COMMENTS = YES;
				CLANG_WARN_EMPTY_BODY = YES;
				CLANG_WARN_ENUM_CONVERSION = YES;
				CLANG_WARN_INFINITE_RECURSION = YES;
				CLANG_WARN_INT_CONVERSION = YES;
				CLANG_WARN_NON_LITERAL_NULL_CONVERSION = YES;
				CLANG_WARN_OBJC_IMPLICIT_RETAIN_SELF = YES;
				CLANG_WARN_OBJC_LITERAL_CONVERSION = YES;
				CLANG_WARN_OBJC_ROOT_CLASS = YES_ERROR;
				CLANG_WARN_QUOTED_INCLUDE_IN_FRAMEWORK_HEADER = YES;
				CLANG_WARN_RANGE_LOOP_ANALYSIS = YES;
				CLANG_WARN_STRICT_PROTOTYPES = YES;
				CLANG_WARN_SUSPICIOUS_MOVE = YES;
				CLANG_WARN_UNGUARDED_AVAILABILITY = YES_AGGRESSIVE;
				CLANG_WARN_UNREACHABLE_CODE = YES;
				CLANG_WARN__DUPLICATE_METHOD_MATCH = YES;
				COPY_PHASE_STRIP = NO;
				DEBUG_INFORMATION_FORMAT = dwarf;
				DEVELOPMENT_TEAM = 25322SNQ6U;
				ENABLE_STRICT_OBJC_MSGSEND = YES;
				ENABLE_TESTABILITY = YES;
				ENABLE_USER_SCRIPT_SANDBOXING = YES;
				GCC_C_LANGUAGE_STANDARD = gnu17;
				GCC_DYNAMIC_NO_PIC = NO;
				GCC_NO_COMMON_BLOCKS = YES;
				GCC_OPTIMIZATION_LEVEL = 0;
				GCC_PREPROCESSOR_DEFINITIONS = (
					"DEBUG=1",
					"$(inherited)",
				);
				GCC_WARN_64_TO_32_BIT_CONVERSION = YES;
				GCC_WARN_ABOUT_RETURN_TYPE = YES_ERROR;
				GCC_WARN_UNDECLARED_SELECTOR = YES;
				GCC_WARN_UNINITIALIZED_AUTOS = YES_AGGRESSIVE;
				GCC_WARN_UNUSED_FUNCTION = YES;
				GCC_WARN_UNUSED_VARIABLE = YES;
				IPHONEOS_DEPLOYMENT_TARGET = 16.0;
				LOCALIZATION_PREFERS_STRING_CATALOGS = YES;
				MTL_ENABLE_DEBUG_INFO = INCLUDE_SOURCE;
				MTL_FAST_MATH = YES;
				ONLY_ACTIVE_ARCH = YES;
				SDKROOT = iphoneos;
				STRING_CATALOG_GENERATE_SYMBOLS = YES;
				SWIFT_ACTIVE_COMPILATION_CONDITIONS = "DEBUG $(inherited)";
				SWIFT_OPTIMIZATION_LEVEL = "-Onone";
			};
			name = Debug;
		};
		AA000000000000000023 /* Release */ = {
			isa = XCBuildConfiguration;
			buildSettings = {
				ALWAYS_SEARCH_USER_PATHS = NO;
				ASSETCATALOG_COMPILER_GENERATE_SWIFT_ASSET_SYMBOL_EXTENSIONS = YES;
				CLANG_ANALYZER_NONNULL = YES;
				CLANG_ANALYZER_NUMBER_OBJECT_CONVERSION = YES_AGGRESSIVE;
				CLANG_CXX_LANGUAGE_STANDARD = "gnu++20";
				CLANG_ENABLE_MODULES = YES;
				CLANG_ENABLE_OBJC_ARC = YES;
				CLANG_ENABLE_OBJC_WEAK = YES;
				CLANG_WARN_BLOCK_CAPTURE_AUTORELEASING = YES;
				CLANG_WARN_BOOL_CONVERSION = YES;
				CLANG_WARN_COMMA = YES;
				CLANG_WARN_CONSTANT_CONVERSION = YES;
				CLANG_WARN_DEPRECATED_OBJC_IMPLEMENTATIONS = YES;
				CLANG_WARN_DIRECT_OBJC_ISA_USAGE = YES_ERROR;
				CLANG_WARN_DOCUMENTATION_COMMENTS = YES;
				CLANG_WARN_EMPTY_BODY = YES;
				CLANG_WARN_ENUM_CONVERSION = YES;
				CLANG_WARN_INFINITE_RECURSION = YES;
				CLANG_WARN_INT_CONVERSION = YES;
				CLANG_WARN_NON_LITERAL_NULL_CONVERSION = YES;
				CLANG_WARN_OBJC_IMPLICIT_RETAIN_SELF = YES;
				CLANG_WARN_OBJC_LITERAL_CONVERSION = YES;
				CLANG_WARN_OBJC_ROOT_CLASS = YES_ERROR;
				CLANG_WARN_QUOTED_INCLUDE_IN_FRAMEWORK_HEADER = YES;
				CLANG_WARN_RANGE_LOOP_ANALYSIS = YES;
				CLANG_WARN_STRICT_PROTOTYPES = YES;
				CLANG_WARN_SUSPICIOUS_MOVE = YES;
				CLANG_WARN_UNGUARDED_AVAILABILITY = YES_AGGRESSIVE;
				CLANG_WARN_UNREACHABLE_CODE = YES;
				CLANG_WARN__DUPLICATE_METHOD_MATCH = YES;
				COPY_PHASE_STRIP = NO;
				DEBUG_INFORMATION_FORMAT = "dwarf-with-dsym";
				DEVELOPMENT_TEAM = 25322SNQ6U;
				ENABLE_NS_ASSERTIONS = NO;
				ENABLE_STRICT_OBJC_MSGSEND = YES;
				ENABLE_USER_SCRIPT_SANDBOXING = YES;
				GCC_C_LANGUAGE_STANDARD = gnu17;
				GCC_NO_COMMON_BLOCKS = YES;
				GCC_WARN_64_TO_32_BIT_CONVERSION = YES;
				GCC_WARN_ABOUT_RETURN_TYPE = YES_ERROR;
				GCC_WARN_UNDECLARED_SELECTOR = YES;
				GCC_WARN_UNINITIALIZED_AUTOS = YES_AGGRESSIVE;
				GCC_WARN_UNUSED_FUNCTION = YES;
				GCC_WARN_UNUSED_VARIABLE = YES;
				IPHONEOS_DEPLOYMENT_TARGET = 16.0;
				LOCALIZATION_PREFERS_STRING_CATALOGS = YES;
				MTL_ENABLE_DEBUG_INFO = NO;
				MTL_FAST_MATH = YES;
				SDKROOT = iphoneos;
				STRING_CATALOG_GENERATE_SYMBOLS = YES;
				SWIFT_COMPILATION_MODE = wholemodule;
				VALIDATE_PRODUCT = YES;
			};
			name = Release;
		};
		AA000000000000000024 /* Debug */ = {
			isa = XCBuildConfiguration;
			buildSettings = {
				ASSETCATALOG_COMPILER_APPICON_NAME = AppIcon;
				CODE_SIGN_ENTITLEMENTS = "Budget Chat/BudgetMasterApp.entitlements";
				CODE_SIGN_STYLE = Automatic;
				CURRENT_PROJECT_VERSION = 1;
				DEVELOPMENT_TEAM = 25322SNQ6U;
				ENABLE_PREVIEWS = YES;
				INFOPLIST_FILE = "Budget Chat/Info.plist";
				INFOPLIST_KEY_CFBundleDisplayName = "Budget Chat";
				INFOPLIST_KEY_UIApplicationSupportsIndirectInputEvents = YES;
				INFOPLIST_KEY_UILaunchScreen_Generation = YES;
				INFOPLIST_KEY_UISupportedInterfaceOrientations_iPad = "UIInterfaceOrientationPortrait UIInterfaceOrientationPortraitUpsideDown UIInterfaceOrientationLandscapeLeft UIInterfaceOrientationLandscapeRight";
				INFOPLIST_KEY_UISupportedInterfaceOrientations_iPhone = "UIInterfaceOrientationPortrait UIInterfaceOrientationLandscapeLeft UIInterfaceOrientationLandscapeRight";
				IPHONEOS_DEPLOYMENT_TARGET = 26.0;
				LD_RUNPATH_SEARCH_PATHS = (
					"$(inherited)",
					"@executable_path/Frameworks",
				);
				MARKETING_VERSION = 1.01.2;
				PRODUCT_BUNDLE_IDENTIFIER = com.budgetmaster.app;
				PRODUCT_NAME = "$(TARGET_NAME)";
				SWIFT_EMIT_LOC_STRINGS = YES;
				SWIFT_VERSION = 5.0;
				TARGETED_DEVICE_FAMILY = "1,2";
			};
			name = Debug;
		};
		AA000000000000000025 /* Release */ = {
			isa = XCBuildConfiguration;
			buildSettings = {
				ASSETCATALOG_COMPILER_APPICON_NAME = AppIcon;
				CODE_SIGN_ENTITLEMENTS = "Budget Chat/BudgetMasterApp.entitlements";
				CODE_SIGN_STYLE = Automatic;
				CURRENT_PROJECT_VERSION = 1;
				DEVELOPMENT_TEAM = 25322SNQ6U;
				ENABLE_PREVIEWS = YES;
				INFOPLIST_FILE = "Budget Chat/Info.plist";
				INFOPLIST_KEY_CFBundleDisplayName = "Budget Chat";
				INFOPLIST_KEY_UIApplicationSupportsIndirectInputEvents = YES;
				INFOPLIST_KEY_UILaunchScreen_Generation = YES;
				INFOPLIST_KEY_UISupportedInterfaceOrientations_iPad = "UIInterfaceOrientationPortrait UIInterfaceOrientationPortraitUpsideDown UIInterfaceOrientationLandscapeLeft UIInterfaceOrientationLandscapeRight";
				INFOPLIST_KEY_UISupportedInterfaceOrientations_iPhone = "UIInterfaceOrientationPortrait UIInterfaceOrientationLandscapeLeft UIInterfaceOrientationLandscapeRight";
				IPHONEOS_DEPLOYMENT_TARGET = 26.0;
				LD_RUNPATH_SEARCH_PATHS = (
					"$(inherited)",
					"@executable_path/Frameworks",
				);
				MARKETING_VERSION = 1.01.2;
				PRODUCT_BUNDLE_IDENTIFIER = com.budgetmaster.app;
				PRODUCT_NAME = "$(TARGET_NAME)";
				SWIFT_EMIT_LOC_STRINGS = YES;
				SWIFT_VERSION = 5.0;
				TARGETED_DEVICE_FAMILY = "1,2";
			};
			name = Release;
		};
		AF181FBE2F5365D000913089 /* Debug */ = {
			isa = XCBuildConfiguration;
			buildSettings = {
				ASSETCATALOG_COMPILER_APPICON_NAME = AppIcon;
				ASSETCATALOG_COMPILER_GLOBAL_ACCENT_COLOR_NAME = AccentColor;
				CODE_SIGN_STYLE = Automatic;
				CURRENT_PROJECT_VERSION = 1;
				DEVELOPMENT_TEAM = 25322SNQ6U;
				ENABLE_PREVIEWS = YES;
				GENERATE_INFOPLIST_FILE = YES;
				INFOPLIST_KEY_CFBundleDisplayName = BudgetWatch;
				INFOPLIST_KEY_UISupportedInterfaceOrientations = "UIInterfaceOrientationPortrait UIInterfaceOrientationPortraitUpsideDown";
				INFOPLIST_KEY_WKCompanionAppBundleIdentifier = com.budgetmaster.app;
				LD_RUNPATH_SEARCH_PATHS = (
					"$(inherited)",
					"@executable_path/Frameworks",
				);
				MARKETING_VERSION = 1.01.2;
				PRODUCT_BUNDLE_IDENTIFIER = com.budgetmaster.app.watchkitapp;
				PRODUCT_NAME = "$(TARGET_NAME)";
				SDKROOT = watchos;
				SKIP_INSTALL = YES;
				STRING_CATALOG_GENERATE_SYMBOLS = YES;
				SWIFT_APPROACHABLE_CONCURRENCY = YES;
				SWIFT_DEFAULT_ACTOR_ISOLATION = MainActor;
				SWIFT_EMIT_LOC_STRINGS = YES;
				SWIFT_UPCOMING_FEATURE_MEMBER_IMPORT_VISIBILITY = YES;
				SWIFT_VERSION = 5.0;
				TARGETED_DEVICE_FAMILY = 4;
				WATCHOS_DEPLOYMENT_TARGET = 26.4;
			};
			name = Debug;
		};
		AF181FBF2F5365D000913089 /* Release */ = {
			isa = XCBuildConfiguration;
			buildSettings = {
				ASSETCATALOG_COMPILER_APPICON_NAME = AppIcon;
				ASSETCATALOG_COMPILER_GLOBAL_ACCENT_COLOR_NAME = AccentColor;
				CODE_SIGN_STYLE = Automatic;
				CURRENT_PROJECT_VERSION = 1;
				DEVELOPMENT_TEAM = 25322SNQ6U;
				ENABLE_PREVIEWS = YES;
				GENERATE_INFOPLIST_FILE = YES;
				INFOPLIST_KEY_CFBundleDisplayName = BudgetWatch;
				INFOPLIST_KEY_UISupportedInterfaceOrientations = "UIInterfaceOrientationPortrait UIInterfaceOrientationPortraitUpsideDown";
				INFOPLIST_KEY_WKCompanionAppBundleIdentifier = com.budgetmaster.app;
				LD_RUNPATH_SEARCH_PATHS = (
					"$(inherited)",
					"@executable_path/Frameworks",
				);
				MARKETING_VERSION = 1.01.2;
				PRODUCT_BUNDLE_IDENTIFIER = com.budgetmaster.app.watchkitapp;
				PRODUCT_NAME = "$(TARGET_NAME)";
				SDKROOT = watchos;
				SKIP_INSTALL = YES;
				STRING_CATALOG_GENERATE_SYMBOLS = YES;
				SWIFT_APPROACHABLE_CONCURRENCY = YES;
				SWIFT_DEFAULT_ACTOR_ISOLATION = MainActor;
				SWIFT_EMIT_LOC_STRINGS = YES;
				SWIFT_UPCOMING_FEATURE_MEMBER_IMPORT_VISIBILITY = YES;
				SWIFT_VERSION = 5.0;
				TARGETED_DEVICE_FAMILY = 4;
				WATCHOS_DEPLOYMENT_TARGET = 26.4;
			};
			name = Release;
		};
		AF181FC02F5365D000913089 /* Debug */ = {
			isa = XCBuildConfiguration;
			buildSettings = {
				BUNDLE_LOADER = "$(TEST_HOST)";
				CODE_SIGN_STYLE = Automatic;
				CURRENT_PROJECT_VERSION = 1;
				DEVELOPMENT_TEAM = 25322SNQ6U;
				GENERATE_INFOPLIST_FILE = YES;
				MARKETING_VERSION = 1.0;
				PRODUCT_BUNDLE_IDENTIFIER = "com.budgetmaster.BudgetWatch-Watch-AppTests";
				PRODUCT_NAME = "$(TARGET_NAME)";
				SDKROOT = watchos;
				STRING_CATALOG_GENERATE_SYMBOLS = NO;
				SWIFT_APPROACHABLE_CONCURRENCY = YES;
				SWIFT_EMIT_LOC_STRINGS = NO;
				SWIFT_UPCOMING_FEATURE_MEMBER_IMPORT_VISIBILITY = YES;
				SWIFT_VERSION = 5.0;
				TARGETED_DEVICE_FAMILY = 4;
				TEST_HOST = "$(BUILT_PRODUCTS_DIR)/BudgetWatch Watch App.app/$(BUNDLE_EXECUTABLE_FOLDER_PATH)/BudgetWatch Watch App";
				WATCHOS_DEPLOYMENT_TARGET = 26.4;
			};
			name = Debug;
		};
		AF181FC12F5365D000913089 /* Release */ = {
			isa = XCBuildConfiguration;
			buildSettings = {
				BUNDLE_LOADER = "$(TEST_HOST)";
				CODE_SIGN_STYLE = Automatic;
				CURRENT_PROJECT_VERSION = 1;
				DEVELOPMENT_TEAM = 25322SNQ6U;
				GENERATE_INFOPLIST_FILE = YES;
				MARKETING_VERSION = 1.0;
				PRODUCT_BUNDLE_IDENTIFIER = "com.budgetmaster.BudgetWatch-Watch-AppTests";
				PRODUCT_NAME = "$(TARGET_NAME)";
				SDKROOT = watchos;
				STRING_CATALOG_GENERATE_SYMBOLS = NO;
				SWIFT_APPROACHABLE_CONCURRENCY = YES;
				SWIFT_EMIT_LOC_STRINGS = NO;
				SWIFT_UPCOMING_FEATURE_MEMBER_IMPORT_VISIBILITY = YES;
				SWIFT_VERSION = 5.0;
				TARGETED_DEVICE_FAMILY = 4;
				TEST_HOST = "$(BUILT_PRODUCTS_DIR)/BudgetWatch Watch App.app/$(BUNDLE_EXECUTABLE_FOLDER_PATH)/BudgetWatch Watch App";
				WATCHOS_DEPLOYMENT_TARGET = 26.4;
			};
			name = Release;
		};
		AF181FC22F5365D000913089 /* Debug */ = {
			isa = XCBuildConfiguration;
			buildSettings = {
				CODE_SIGN_STYLE = Automatic;
				CURRENT_PROJECT_VERSION = 1;
				DEVELOPMENT_TEAM = 25322SNQ6U;
				GENERATE_INFOPLIST_FILE = YES;
				MARKETING_VERSION = 1.0;
				PRODUCT_BUNDLE_IDENTIFIER = "com.budgetmaster.BudgetWatch-Watch-AppUITests";
				PRODUCT_NAME = "$(TARGET_NAME)";
				SDKROOT = watchos;
				STRING_CATALOG_GENERATE_SYMBOLS = NO;
				SWIFT_APPROACHABLE_CONCURRENCY = YES;
				SWIFT_EMIT_LOC_STRINGS = NO;
				SWIFT_UPCOMING_FEATURE_MEMBER_IMPORT_VISIBILITY = YES;
				SWIFT_VERSION = 5.0;
				TARGETED_DEVICE_FAMILY = 4;
				TEST_TARGET_NAME = "BudgetWatch Watch App";
				WATCHOS_DEPLOYMENT_TARGET = 26.4;
			};
			name = Debug;
		};
		AF181FC32F5365D000913089 /* Release */ = {
			isa = XCBuildConfiguration;
			buildSettings = {
				CODE_SIGN_STYLE = Automatic;
				CURRENT_PROJECT_VERSION = 1;
				DEVELOPMENT_TEAM = 25322SNQ6U;
				GENERATE_INFOPLIST_FILE = YES;
				MARKETING_VERSION = 1.0;
				PRODUCT_BUNDLE_IDENTIFIER = "com.budgetmaster.BudgetWatch-Watch-AppUITests";
				PRODUCT_NAME = "$(TARGET_NAME)";
				SDKROOT = watchos;
				STRING_CATALOG_GENERATE_SYMBOLS = NO;
				SWIFT_APPROACHABLE_CONCURRENCY = YES;
				SWIFT_EMIT_LOC_STRINGS = NO;
				SWIFT_UPCOMING_FEATURE_MEMBER_IMPORT_VISIBILITY = YES;
				SWIFT_VERSION = 5.0;
				TARGETED_DEVICE_FAMILY = 4;
				TEST_TARGET_NAME = "BudgetWatch Watch App";
				WATCHOS_DEPLOYMENT_TARGET = 26.4;
			};
			name = Release;
		};
/* End XCBuildConfiguration section */

/* Begin XCConfigurationList section */
		AA000000000000000020 /* Build configuration list for PBXProject "Budget Chat" */ = {
			isa = XCConfigurationList;
			buildConfigurations = (
				AA000000000000000022 /* Debug */,
				AA000000000000000023 /* Release */,
			);
			defaultConfigurationIsVisible = 0;
			defaultConfigurationName = Release;
		};
		AA000000000000000021 /* Build configuration list for PBXNativeTarget "Budget Chat" */ = {
			isa = XCConfigurationList;
			buildConfigurations = (
				AA000000000000000024 /* Debug */,
				AA000000000000000025 /* Release */,
			);
			defaultConfigurationIsVisible = 0;
			defaultConfigurationName = Release;
		};
		AF181FC42F5365D000913089 /* Build configuration list for PBXNativeTarget "BudgetWatch Watch App" */ = {
			isa = XCConfigurationList;
			buildConfigurations = (
				AF181FBE2F5365D000913089 /* Debug */,
				AF181FBF2F5365D000913089 /* Release */,
			);
			defaultConfigurationIsVisible = 0;
			defaultConfigurationName = Release;
		};
		AF181FC52F5365D000913089 /* Build configuration list for PBXNativeTarget "BudgetWatch Watch AppTests" */ = {
			isa = XCConfigurationList;
			buildConfigurations = (
				AF181FC02F5365D000913089 /* Debug */,
				AF181FC12F5365D000913089 /* Release */,
			);
			defaultConfigurationIsVisible = 0;
			defaultConfigurationName = Release;
		};
		AF181FC62F5365D000913089 /* Build configuration list for PBXNativeTarget "BudgetWatch Watch AppUITests" */ = {
			isa = XCConfigurationList;
			buildConfigurations = (
				AF181FC22F5365D000913089 /* Debug */,
				AF181FC32F5365D000913089 /* Release */,
			);
			defaultConfigurationIsVisible = 0;
			defaultConfigurationName = Release;
		};
/* End XCConfigurationList section */

/* Begin XCLocalSwiftPackageReference section */
		AF19A57D2F44174000B37B41 /* XCLocalSwiftPackageReference "../BudgetMaster" */ = {
			isa = XCLocalSwiftPackageReference;
			relativePath = ../BudgetMaster;
		};
/* End XCLocalSwiftPackageReference section */

/* Begin XCRemoteSwiftPackageReference section */
		AF7BE6BA2F4A7FF900A93ADE /* XCRemoteSwiftPackageReference "GoogleSignIn-iOS" */ = {
			isa = XCRemoteSwiftPackageReference;
			repositoryURL = "https://github.com/google/GoogleSignIn-iOS";
			requirement = {
				kind = upToNextMajorVersion;
				minimumVersion = 9.1.0;
			};
		};
		AFF2DDEA2F3D7F6500FBB92F /* XCRemoteSwiftPackageReference "firebase-ios-sdk" */ = {
			isa = XCRemoteSwiftPackageReference;
			repositoryURL = "https://github.com/firebase/firebase-ios-sdk";
			requirement = {
				kind = upToNextMajorVersion;
				minimumVersion = 12.9.0;
			};
		};
/* End XCRemoteSwiftPackageReference section */

/* Begin XCSwiftPackageProductDependency section */
		0C60BDB34AA84B36B940D188 /* BudgetMaster */ = {
			isa = XCSwiftPackageProductDependency;
			productName = BudgetMaster;
		};
		AF19A57E2F44174000B37B41 /* BudgetMaster */ = {
			isa = XCSwiftPackageProductDependency;
			productName = BudgetMaster;
		};
		AF19A5BB2F4418AF00B37B41 /* FirebaseAuth */ = {
			isa = XCSwiftPackageProductDependency;
			package = AFF2DDEA2F3D7F6500FBB92F /* XCRemoteSwiftPackageReference "firebase-ios-sdk" */;
			productName = FirebaseAuth;
		};
		AF19A5BD2F4418AF00B37B41 /* FirebaseCore */ = {
			isa = XCSwiftPackageProductDependency;
			package = AFF2DDEA2F3D7F6500FBB92F /* XCRemoteSwiftPackageReference "firebase-ios-sdk" */;
			productName = FirebaseCore;
		};
		AF19A5BF2F4418AF00B37B41 /* FirebaseFirestore */ = {
			isa = XCSwiftPackageProductDependency;
			package = AFF2DDEA2F3D7F6500FBB92F /* XCRemoteSwiftPackageReference "firebase-ios-sdk" */;
			productName = FirebaseFirestore;
		};
		AF19A5C12F4418AF00B37B41 /* FirebaseFunctions */ = {
			isa = XCSwiftPackageProductDependency;
			package = AFF2DDEA2F3D7F6500FBB92F /* XCRemoteSwiftPackageReference "firebase-ios-sdk" */;
			productName = FirebaseFunctions;
		};
		AF19A5C32F4418AF00B37B41 /* FirebaseStorage */ = {
			isa = XCSwiftPackageProductDependency;
			package = AFF2DDEA2F3D7F6500FBB92F /* XCRemoteSwiftPackageReference "firebase-ios-sdk" */;
			productName = FirebaseStorage;
		};
		AF7BE6BB2F4A7FF900A93ADE /* GoogleSignIn */ = {
			isa = XCSwiftPackageProductDependency;
			package = AF7BE6BA2F4A7FF900A93ADE /* XCRemoteSwiftPackageReference "GoogleSignIn-iOS" */;
			productName = GoogleSignIn;
		};
/* End XCSwiftPackageProductDependency section */
	};
	rootObject = AA000000000000000001 /* Project object */;
}
